
Microsoft Visual Studio Solution File, Format Version 12.00
# Visual Studio 15
VisualStudioVersion = 15.0.26730.10
MinimumVisualStudioVersion = 10.0.40219.1
Project("{FAE04EC0-301F-11D3-BF4B-00C04F79EFBC}") = "AwayFromZero", "AwayFromZero\AwayFromZero.csproj", "{886494D8-A6C7-4767-831C-84493CDAAA38}"
EndProject
Global
	GlobalSection(SolutionConfigurationPlatforms) = preSolution
		Debug|Any CPU = Debug|Any CPU
		Release|Any CPU = Release|Any CPU
	EndGlobalSection
	GlobalSection(ProjectConfigurationPlatforms) = postSolution
		{886494D8-A6C7-4767-831C-84493CDAAA38}.Debug|Any CPU.ActiveCfg = Debug|Any CPU
		{886494D8-A6C7-4767-831C-84493CDAAA38}.Debug|Any CPU.Build.0 = Debug|Any CPU
		{886494D8-A6C7-4767-831C-84493CDAAA38}.Release|Any CPU.ActiveCfg = Release|Any CPU
		{886494D8-A6C7-4767-831C-84493CDAAA38}.Release|Any CPU.Build.0 = Release|Any CPU
	EndGlobalSection
	GlobalSection(SolutionProperties) = preSolution
		HideSolutionNode = FALSE
	EndGlobalSection
	GlobalSection(ExtensibilityGlobals) = postSolution
		SolutionGuid = {6987D474-4CAC-483C-832B-136616951CF3}
	EndGlobalSection
EndGlobal
